
Microsoft Visual Studio Solution File, Format Version 12.00
# Visual Studio Version 16
VisualStudioVersion = 16.0.30717.126
MinimumVisualStudioVersion = 10.0.40219.1
Project("{FAE04EC0-301F-11D3-BF4B-00C04F79EFBC}") = "ADO.NET_HW_Unconnected_Mode", "ADO.NET_HW_Unconnected_Mode.csproj", "{2AAC506A-1B98-474F-B7A4-7F1329B48450}"
EndProject
Global
	GlobalSection(SolutionConfigurationPlatforms) = preSolution
		Debug|Any CPU = Debug|Any CPU
		Release|Any CPU = Release|Any CPU
	EndGlobalSection
	GlobalSection(ProjectConfigurationPlatforms) = postSolution
		{2AAC506A-1B98-474F-B7A4-7F1329B48450}.Debug|Any CPU.ActiveCfg = Debug|Any CPU
		{2AAC506A-1B98-474F-B7A4-7F1329B48450}.Debug|Any CPU.Build.0 = Debug|Any CPU
		{2AAC506A-1B98-474F-B7A4-7F1329B48450}.Release|Any CPU.ActiveCfg = Release|Any CPU
		{2AAC506A-1B98-474F-B7A4-7F1329B48450}.Release|Any CPU.Build.0 = Release|Any CPU
	EndGlobalSection
	GlobalSection(SolutionProperties) = preSolution
		HideSolutionNode = FALSE
	EndGlobalSection
	GlobalSection(ExtensibilityGlobals) = postSolution
		SolutionGuid = {2FEDD12C-5F85-4E08-A21A-4EFD7F6BF194}
	EndGlobalSection
EndGlobal
